
Microsoft Visual Studio Solution File, Format Version 12.00
# Visual Studio Version 16
VisualStudioVersion = 16.0.29926.136
MinimumVisualStudioVersion = 10.0.40219.1
Project("{2150E333-8FDC-42A3-9474-1A3956D46DE8}") = "common-data-service", "common-data-service", "{7CEEB6B9-6A20-4C13-ADB5-11F323D73F36}"
EndProject
Project("{2150E333-8FDC-42A3-9474-1A3956D46DE8}") = "inversion-of-control", "inversion-of-control", "{6D8F5123-F062-4337-8D48-8DE92BEBAA4C}"
EndProject
Project("{9A19103F-16F7-4668-BE54-9A1E7A4F7556}") = "Hogsibs.InversionOfControl", "inversion-of-control\Hogsibs.InversionOfControl\Hogsibs.InversionOfControl.csproj", "{207117DC-5CAF-41FC-9745-CD2AB72C5B80}"
EndProject
Project("{2150E333-8FDC-42A3-9474-1A3956D46DE8}") = "plugin", "plugin", "{CCA13C41-6C45-4D60-8441-70B372FE2C7B}"
EndProject
Project("{2150E333-8FDC-42A3-9474-1A3956D46DE8}") = "inversion-of-control", "inversion-of-control", "{CAD41B43-4366-45F6-B88E-82A56DE8FD1D}"
EndProject
Project("{FAE04EC0-301F-11D3-BF4B-00C04F79EFBC}") = "Hogsibs.CommonDataService.Plugin.InversionOfControl", "common-data-service\plugin\inversion-of-control\Hogsibs.CommonDataService.Plugin.InversionOfControl\Hogsibs.CommonDataService.Plugin.InversionOfControl.csproj", "{9D89C3CE-0368-430E-9DC9-170D3EF93AF6}"
EndProject
Global
	GlobalSection(SolutionConfigurationPlatforms) = preSolution
		Debug|Any CPU = Debug|Any CPU
		Release|Any CPU = Release|Any CPU
	EndGlobalSection
	GlobalSection(ProjectConfigurationPlatforms) = postSolution
		{207117DC-5CAF-41FC-9745-CD2AB72C5B80}.Debug|Any CPU.ActiveCfg = Debug|Any CPU
		{207117DC-5CAF-41FC-9745-CD2AB72C5B80}.Debug|Any CPU.Build.0 = Debug|Any CPU
		{207117DC-5CAF-41FC-9745-CD2AB72C5B80}.Release|Any CPU.ActiveCfg = Release|Any CPU
		{207117DC-5CAF-41FC-9745-CD2AB72C5B80}.Release|Any CPU.Build.0 = Release|Any CPU
		{9D89C3CE-0368-430E-9DC9-170D3EF93AF6}.Debug|Any CPU.ActiveCfg = Debug|Any CPU
		{9D89C3CE-0368-430E-9DC9-170D3EF93AF6}.Debug|Any CPU.Build.0 = Debug|Any CPU
		{9D89C3CE-0368-430E-9DC9-170D3EF93AF6}.Release|Any CPU.ActiveCfg = Release|Any CPU
		{9D89C3CE-0368-430E-9DC9-170D3EF93AF6}.Release|Any CPU.Build.0 = Release|Any CPU
	EndGlobalSection
	GlobalSection(SolutionProperties) = preSolution
		HideSolutionNode = FALSE
	EndGlobalSection
	GlobalSection(NestedProjects) = preSolution
		{207117DC-5CAF-41FC-9745-CD2AB72C5B80} = {6D8F5123-F062-4337-8D48-8DE92BEBAA4C}
		{CCA13C41-6C45-4D60-8441-70B372FE2C7B} = {7CEEB6B9-6A20-4C13-ADB5-11F323D73F36}
		{CAD41B43-4366-45F6-B88E-82A56DE8FD1D} = {CCA13C41-6C45-4D60-8441-70B372FE2C7B}
		{9D89C3CE-0368-430E-9DC9-170D3EF93AF6} = {CAD41B43-4366-45F6-B88E-82A56DE8FD1D}
	EndGlobalSection
	GlobalSection(ExtensibilityGlobals) = postSolution
		SolutionGuid = {7072A104-1C9C-4BF1-A6D3-8C16F969A3D7}
	EndGlobalSection
EndGlobal
